
Microsoft Visual Studio Solution File, Format Version 12.00
# Visual Studio 2015
Project("{FAE04EC0-301F-11D3-BF4B-00C04F79EFBC}") = "Driver Centric Simulator.CSharp", "Driver Centric Simulator.CSharp.csproj", "{C6FEAA59-D043-7405-EF7B-2DB92EA71E5D}"
EndProject
Global
	GlobalSection(SolutionConfigurationPlatforms) = preSolution
		Debug|Any CPU = Debug|Any CPU
		Release|Any CPU = Release|Any CPU
	EndGlobalSection
	GlobalSection(ProjectConfigurationPlatforms) = postSolution
		{C6FEAA59-D043-7405-EF7B-2DB92EA71E5D}.Debug|Any CPU.ActiveCfg = Debug|Any CPU
		{C6FEAA59-D043-7405-EF7B-2DB92EA71E5D}.Debug|Any CPU.Build.0 = Debug|Any CPU
		{C6FEAA59-D043-7405-EF7B-2DB92EA71E5D}.Release|Any CPU.ActiveCfg = Release|Any CPU
		{C6FEAA59-D043-7405-EF7B-2DB92EA71E5D}.Release|Any CPU.Build.0 = Release|Any CPU
	EndGlobalSection
	GlobalSection(SolutionProperties) = preSolution
		HideSolutionNode = FALSE
	EndGlobalSection
EndGlobal
